
Microsoft Visual Studio Solution File, Format Version 12.00
# Visual Studio Version 17
VisualStudioVersion = 17.13.35919.96 d17.13
MinimumVisualStudioVersion = 10.0.40219.1
Project("{FAE04EC0-301F-11D3-BF4B-00C04F79EFBC}") = "Lab4_devops_groupprj", "Lab4_devops_groupprj\Lab4_devops_groupprj.csproj", "{4AD169E7-6D9D-45B8-90AA-B36B31B6CF84}"
EndProject
Global
	GlobalSection(SolutionConfigurationPlatforms) = preSolution
		Debug|Any CPU = Debug|Any CPU
		Release|Any CPU = Release|Any CPU
	EndGlobalSection
	GlobalSection(ProjectConfigurationPlatforms) = postSolution
		{4AD169E7-6D9D-45B8-90AA-B36B31B6CF84}.Debug|Any CPU.ActiveCfg = Debug|Any CPU
		{4AD169E7-6D9D-45B8-90AA-B36B31B6CF84}.Debug|Any CPU.Build.0 = Debug|Any CPU
		{4AD169E7-6D9D-45B8-90AA-B36B31B6CF84}.Release|Any CPU.ActiveCfg = Release|Any CPU
		{4AD169E7-6D9D-45B8-90AA-B36B31B6CF84}.Release|Any CPU.Build.0 = Release|Any CPU
	EndGlobalSection
	GlobalSection(SolutionProperties) = preSolution
		HideSolutionNode = FALSE
	EndGlobalSection
	GlobalSection(ExtensibilityGlobals) = postSolution
		SolutionGuid = {79970495-0647-4470-9519-4C67746AA669}
	EndGlobalSection
EndGlobal
